
Microsoft Visual Studio Solution File, Format Version 11.00
# Visual Studio 2010
Project("{FAE04EC0-301F-11D3-BF4B-00C04F79EFBC}") = "TouchDeviceAutoCheck", "TouchDeviceAutoCheck\TouchDeviceAutoCheck.csproj", "{1B01283A-4F76-4B14-8ACF-A78A6BBCF846}"
EndProject
Global
	GlobalSection(SolutionConfigurationPlatforms) = preSolution
		Debug|x86 = Debug|x86
		Release|x86 = Release|x86
	EndGlobalSection
	GlobalSection(ProjectConfigurationPlatforms) = postSolution
		{1B01283A-4F76-4B14-8ACF-A78A6BBCF846}.Debug|x86.ActiveCfg = Debug|x86
		{1B01283A-4F76-4B14-8ACF-A78A6BBCF846}.Debug|x86.Build.0 = Debug|x86
		{1B01283A-4F76-4B14-8ACF-A78A6BBCF846}.Release|x86.ActiveCfg = Release|x86
		{1B01283A-4F76-4B14-8ACF-A78A6BBCF846}.Release|x86.Build.0 = Release|x86
	EndGlobalSection
	GlobalSection(SolutionProperties) = preSolution
		HideSolutionNode = FALSE
	EndGlobalSection
EndGlobal
